
Microsoft Visual Studio Solution File, Format Version 12.00
# Visual Studio Version 17
VisualStudioVersion = 17.2.32616.157
MinimumVisualStudioVersion = 10.0.40219.1
Project("{FAE04EC0-301F-11D3-BF4B-00C04F79EFBC}") = "ShapesLibrary", "ShapesLibrary\ShapesLibrary.csproj", "{F6952398-E7F3-4FC1-B900-D90FBABB84F2}"
EndProject
Project("{FAE04EC0-301F-11D3-BF4B-00C04F79EFBC}") = "ShapesLibrary.Tests", "ShapesLibrary.Tests\ShapesLibrary.Tests.csproj", "{633E768B-6335-4A0E-8EF2-C9C5E70D8603}"
EndProject
Global
	GlobalSection(SolutionConfigurationPlatforms) = preSolution
		Debug|Any CPU = Debug|Any CPU
		Release|Any CPU = Release|Any CPU
	EndGlobalSection
	GlobalSection(ProjectConfigurationPlatforms) = postSolution
		{F6952398-E7F3-4FC1-B900-D90FBABB84F2}.Debug|Any CPU.ActiveCfg = Debug|Any CPU
		{F6952398-E7F3-4FC1-B900-D90FBABB84F2}.Debug|Any CPU.Build.0 = Debug|Any CPU
		{F6952398-E7F3-4FC1-B900-D90FBABB84F2}.Release|Any CPU.ActiveCfg = Release|Any CPU
		{F6952398-E7F3-4FC1-B900-D90FBABB84F2}.Release|Any CPU.Build.0 = Release|Any CPU
		{633E768B-6335-4A0E-8EF2-C9C5E70D8603}.Debug|Any CPU.ActiveCfg = Debug|Any CPU
		{633E768B-6335-4A0E-8EF2-C9C5E70D8603}.Debug|Any CPU.Build.0 = Debug|Any CPU
		{633E768B-6335-4A0E-8EF2-C9C5E70D8603}.Release|Any CPU.ActiveCfg = Release|Any CPU
		{633E768B-6335-4A0E-8EF2-C9C5E70D8603}.Release|Any CPU.Build.0 = Release|Any CPU
	EndGlobalSection
	GlobalSection(SolutionProperties) = preSolution
		HideSolutionNode = FALSE
	EndGlobalSection
	GlobalSection(ExtensibilityGlobals) = postSolution
		SolutionGuid = {FC98DDB3-2FD9-4158-B217-A59198D8AD35}
	EndGlobalSection
EndGlobal
